
Microsoft Visual Studio Solution File, Format Version 12.00
# Visual Studio Version 17
VisualStudioVersion = 17.0.31912.275
MinimumVisualStudioVersion = 10.0.40219.1
Project("{FAE04EC0-301F-11D3-BF4B-00C04F79EFBC}") = "EFCoreTest", "EFCoreTest.csproj", "{A66E86FB-61A1-4D38-820C-AED5BFE1AD47}"
EndProject
Global
	GlobalSection(SolutionConfigurationPlatforms) = preSolution
		Debug|Any CPU = Debug|Any CPU
		Release|Any CPU = Release|Any CPU
	EndGlobalSection
	GlobalSection(ProjectConfigurationPlatforms) = postSolution
		{A66E86FB-61A1-4D38-820C-AED5BFE1AD47}.Debug|Any CPU.ActiveCfg = Debug|Any CPU
		{A66E86FB-61A1-4D38-820C-AED5BFE1AD47}.Debug|Any CPU.Build.0 = Debug|Any CPU
		{A66E86FB-61A1-4D38-820C-AED5BFE1AD47}.Release|Any CPU.ActiveCfg = Release|Any CPU
		{A66E86FB-61A1-4D38-820C-AED5BFE1AD47}.Release|Any CPU.Build.0 = Release|Any CPU
	EndGlobalSection
	GlobalSection(SolutionProperties) = preSolution
		HideSolutionNode = FALSE
	EndGlobalSection
	GlobalSection(ExtensibilityGlobals) = postSolution
		SolutionGuid = {E6FECDC1-C16D-4410-94EF-CCCAF5D3C19E}
	EndGlobalSection
EndGlobal
